PODS:
  - Alamofire (4.5.0)
  - AsyncDisplayKit (2.2):
    - AsyncDisplayKit/PINRemoteImage (= 2.2)
  - AsyncDisplayKit/Core (2.2)
  - AsyncDisplayKit/PINRemoteImage (2.2):
    - AsyncDisplayKit/Core
    - PINRemoteImage/iOS (= 3.0.0-beta.8)
    - PINRemoteImage/PINCache
  - CryptoSwift (0.6.9)
  - JSONWebToken (2.1.1):
    - CryptoSwift (~> 0.6.1)
  - NMessenger (1.0.80):
    - AsyncDisplayKit (= 2.2)
  - PINCache (3.0.1-beta.4):
    - PINCache/Arc-exception-safe (= 3.0.1-beta.4)
    - PINCache/Core (= 3.0.1-beta.4)
  - PINCache/Arc-exception-safe (3.0.1-beta.4):
    - PINCache/Core
  - PINCache/Core (3.0.1-beta.4):
    - PINOperation (= 1.0.3)
  - PINOperation (1.0.3)
  - PINRemoteImage/Core (3.0.0-beta.8)
  - PINRemoteImage/iOS (3.0.0-beta.8):
    - PINRemoteImage/Core
  - PINRemoteImage/PINCache (3.0.0-beta.8):
    - PINCache (= 3.0.1-beta.4)
    - PINRemoteImage/Core
  - Realm (2.8.3):
    - Realm/Headers (= 2.8.3)
  - Realm/Headers (2.8.3)
  - RealmSwift (2.8.3):
    - Realm (= 2.8.3)
  - Socket.IO-Client-Swift (10.0.1)
  - SwiftyJSON (3.1.4)

DEPENDENCIES:
  - Alamofire (~> 4.5)
  - JSONWebToken
  - NMessenger
  - RealmSwift (~> 2.8.3)
  - Socket.IO-Client-Swift (~> 10.0.1)
  - SwiftyJSON (~> 3.1)

SPEC CHECKSUMS:
  Alamofire: f28cdffd29de33a7bfa022cbd63ae95a27fae140
  AsyncDisplayKit: 1585f6cd0531ae9b30476f5912f577b73ebcb0e4
  CryptoSwift: a22f6ba238e9ce4d26ee7bf45b9ed82e7122d4a0
  JSONWebToken: 21a2c3ea5f034882e90f28c656ffce0396155907
  NMessenger: ca6a89073ca40d3868cf45505f6f8318853afd40
  PINCache: a89c8f609232afac77128557bd12c861844423d7
  PINOperation: ac23db44796d4a564ecf9b5ea7163510f579b71d
  PINRemoteImage: c4f9f16932840c597f32e69dd288e10e111a1929
  Realm: 3601ef091c8c499a31101d8563b991e75546cdce
  RealmSwift: 8183818515471b01a99abdd2970f8e4fd52b6f4a
  Socket.IO-Client-Swift: f6553633ba6a01df8f1c8b583ec36560901e9de6
  SwiftyJSON: c2842d878f95482ffceec5709abc3d05680c0220

PODFILE CHECKSUM: eed9dcd4dc2fa37afa4afc31cd4173cf5fc253df

COCOAPODS: 1.3.0.beta.2
